
Microsoft Visual Studio Solution File, Format Version 12.00
# Visual Studio Version 17
VisualStudioVersion = 17.8.34525.116
MinimumVisualStudioVersion = 10.0.40219.1
Project("{2150E333-8FDC-42A3-9474-1A3956D46DE8}") = "src", "src", "{3575F977-838D-4ED5-BE5C-7E96F5FDA560}"
EndProject
Project("{FAE04EC0-301F-11D3-BF4B-00C04F79EFBC}") = "Mavra", "src\Mavra\Mavra.csproj", "{6CC136D6-5120-4E66-A4A9-CC38C7727D95}"
EndProject
Global
	GlobalSection(SolutionConfigurationPlatforms) = preSolution
		Debug|Any CPU = Debug|Any CPU
		Release|Any CPU = Release|Any CPU
	EndGlobalSection
	GlobalSection(ProjectConfigurationPlatforms) = postSolution
		{6CC136D6-5120-4E66-A4A9-CC38C7727D95}.Debug|Any CPU.ActiveCfg = Debug|Any CPU
		{6CC136D6-5120-4E66-A4A9-CC38C7727D95}.Debug|Any CPU.Build.0 = Debug|Any CPU
		{6CC136D6-5120-4E66-A4A9-CC38C7727D95}.Release|Any CPU.ActiveCfg = Release|Any CPU
		{6CC136D6-5120-4E66-A4A9-CC38C7727D95}.Release|Any CPU.Build.0 = Release|Any CPU
	EndGlobalSection
	GlobalSection(SolutionProperties) = preSolution
		HideSolutionNode = FALSE
	EndGlobalSection
	GlobalSection(NestedProjects) = preSolution
		{6CC136D6-5120-4E66-A4A9-CC38C7727D95} = {3575F977-838D-4ED5-BE5C-7E96F5FDA560}
	EndGlobalSection
	GlobalSection(ExtensibilityGlobals) = postSolution
		SolutionGuid = {23C67661-55DF-454E-B020-0643BF220C4F}
	EndGlobalSection
EndGlobal
